// !$*UTF8*$!
{
	archiveVersion = 1;
	classes = {
	};
	objectVersion = 50;
	objects = {

/* Begin PBXBuildFile section */
		663A7DF22417D84900ADDD1F /* CodeEditorTextView.swift in Sources */ = {isa = PBXBuildFile; fileRef = 663A7DF12417D84900ADDD1F /* CodeEditorTextView.swift */; };
		66498B852417CFEA00C0718A /* CodeEditorTextView.framework in Frameworks */ = {isa = PBXBuildFile; fileRef = 66498B7B2417CFEA00C0718A /* CodeEditorTextView.framework */; };
		66498B8A2417CFEA00C0718A /* CodeEditorTextViewTests.swift in Sources */ = {isa = PBXBuildFile; fileRef = 66498B892417CFEA00C0718A /* CodeEditorTextViewTests.swift */; };
		66498B8C2417CFEA00C0718A /* CodeEditorTextView.h in Headers */ = {isa = PBXBuildFile; fileRef = 66498B7E2417CFEA00C0718A /* CodeEditorTextView.h */; settings = {ATTRIBUTES = (Public, ); }; };
/* End PBXBuildFile section */

/* Begin PBXContainerItemProxy section */
		66498B862417CFEA00C0718A /* PBXContainerItemProxy */ = {
			isa = PBXContainerItemProxy;
			containerPortal = 66498B722417CFEA00C0718A /* Project object */;
			proxyType = 1;
			remoteGlobalIDString = 66498B7A2417CFEA00C0718A;
			remoteInfo = CodeEditorTextView;
		};
/* End PBXContainerItemProxy section */

/* Begin PBXFileReference section */
		663A7DF12417D84900ADDD1F /* CodeEditorTextView.swift */ = {isa = PBXFileReference; lastKnownFileType = sourcecode.swift; path = CodeEditorTextView.swift; sourceTree = "<group>"; };
		66498B7B2417CFEA00C0718A /* CodeEditorTextView.framework */ = {isa = PBXFileReference; explicitFileType = wrapper.framework; includeInIndex = 0; path = CodeEditorTextView.framework; sourceTree = BUILT_PRODUCTS_DIR; };
		66498B7E2417CFEA00C0718A /* CodeEditorTextView.h */ = {isa = PBXFileReference; lastKnownFileType = sourcecode.c.h; path = CodeEditorTextView.h; sourceTree = "<group>"; };
		66498B7F2417CFEA00C0718A /* Info.plist */ = {isa = PBXFileReference; lastKnownFileType = text.plist.xml; path = Info.plist; sourceTree = "<group>"; };
		66498B842417CFEA00C0718A /* CodeEditorTextViewTests.xctest */ = {isa = PBXFileReference; explicitFileType = wrapper.cfbundle; includeInIndex = 0; path = CodeEditorTextViewTests.xctest; sourceTree = BUILT_PRODUCTS_DIR; };
		66498B892417CFEA00C0718A /* CodeEditorTextViewTests.swift */ = {isa = PBXFileReference; lastKnownFileType = sourcecode.swift; path = CodeEditorTextViewTests.swift; sourceTree = "<group>"; };
		66498B8B2417CFEA00C0718A /* Info.plist */ = {isa = PBXFileReference; lastKnownFileType = text.plist.xml; path = Info.plist; sourceTree = "<group>"; };
/* End PBXFileReference section */

/* Begin PBXFrameworksBuildPhase section */
		66498B782417CFEA00C0718A /* Frameworks */ = {
			isa = PBXFrameworksBuildPhase;
			buildActionMask = 2147483647;
			files = (
			);
			runOnlyForDeploymentPostprocessing = 0;
		};
		66498B812417CFEA00C0718A /* Frameworks */ = {
			isa = PBXFrameworksBuildPhase;
			buildActionMask = 2147483647;
			files = (
				66498B852417CFEA00C0718A /* CodeEditorTextView.framework in Frameworks */,
			);
			runOnlyForDeploymentPostprocessing = 0;
		};
/* End PBXFrameworksBuildPhase section */

/* Begin PBXGroup section */
		66498B712417CFEA00C0718A = {
			isa = PBXGroup;
			children = (
				66498B7D2417CFEA00C0718A /* CodeEditorTextView */,
				66498B882417CFEA00C0718A /* CodeEditorTextViewTests */,
				66498B7C2417CFEA00C0718A /* Products */,
			);
			sourceTree = "<group>";
		};
		66498B7C2417CFEA00C0718A /* Products */ = {
			isa = PBXGroup;
			children = (
				66498B7B2417CFEA00C0718A /* CodeEditorTextView.framework */,
				66498B842417CFEA00C0718A /* CodeEditorTextViewTests.xctest */,
			);
			name = Products;
			sourceTree = "<group>";
		};
		66498B7D2417CFEA00C0718A /* CodeEditorTextView */ = {
			isa = PBXGroup;
			children = (
				663A7DF12417D84900ADDD1F /* CodeEditorTextView.swift */,
				66498B7E2417CFEA00C0718A /* CodeEditorTextView.h */,
				66498B7F2417CFEA00C0718A /* Info.plist */,
			);
			path = CodeEditorTextView;
			sourceTree = "<group>";
		};
		66498B882417CFEA00C0718A /* CodeEditorTextViewTests */ = {
			isa = PBXGroup;
			children = (
				66498B892417CFEA00C0718A /* CodeEditorTextViewTests.swift */,
				66498B8B2417CFEA00C0718A /* Info.plist */,
			);
			path = CodeEditorTextViewTests;
			sourceTree = "<group>";
		};
/* End PBXGroup section */

/* Begin PBXHeadersBuildPhase section */
		66498B762417CFEA00C0718A /* Headers */ = {
			isa = PBXHeadersBuildPhase;
			buildActionMask = 2147483647;
			files = (
				66498B8C2417CFEA00C0718A /* CodeEditorTextView.h in Headers */,
			);
			runOnlyForDeploymentPostprocessing = 0;
		};
/* End PBXHeadersBuildPhase section */

/* Begin PBXNativeTarget section */
		66498B7A2417CFEA00C0718A /* CodeEditorTextView */ = {
			isa = PBXNativeTarget;
			buildConfigurationList = 66498B8F2417CFEA00C0718A /* Build configuration list for PBXNativeTarget "CodeEditorTextView" */;
			buildPhases = (
				66498B762417CFEA00C0718A /* Headers */,
				66498B772417CFEA00C0718A /* Sources */,
				66498B782417CFEA00C0718A /* Frameworks */,
				66498B792417CFEA00C0718A /* Resources */,
			);
			buildRules = (
			);
			dependencies = (
			);
			name = CodeEditorTextView;
			productName = CodeEditorTextView;
			productReference = 66498B7B2417CFEA00C0718A /* CodeEditorTextView.framework */;
			productType = "com.apple.product-type.framework";
		};
		66498B832417CFEA00C0718A /* CodeEditorTextViewTests */ = {
			isa = PBXNativeTarget;
			buildConfigurationList = 66498B922417CFEA00C0718A /* Build configuration list for PBXNativeTarget "CodeEditorTextViewTests" */;
			buildPhases = (
				66498B802417CFEA00C0718A /* Sources */,
				66498B812417CFEA00C0718A /* Frameworks */,
				66498B822417CFEA00C0718A /* Resources */,
			);
			buildRules = (
			);
			dependencies = (
				66498B872417CFEA00C0718A /* PBXTargetDependency */,
			);
			name = CodeEditorTextViewTests;
			productName = CodeEditorTextViewTests;
			productReference = 66498B842417CFEA00C0718A /* CodeEditorTextViewTests.xctest */;
			productType = "com.apple.product-type.bundle.unit-test";
		};
/* End PBXNativeTarget section */

/* Begin PBXProject section */
		66498B722417CFEA00C0718A /* Project object */ = {
			isa = PBXProject;
			attributes = {
				LastSwiftUpdateCheck = 1120;
				LastUpgradeCheck = 1120;
				ORGANIZATIONNAME = "Ryang Sohn";
				TargetAttributes = {
					66498B7A2417CFEA00C0718A = {
						CreatedOnToolsVersion = 11.2.1;
						LastSwiftMigration = 1130;
					};
					66498B832417CFEA00C0718A = {
						CreatedOnToolsVersion = 11.2.1;
					};
				};
			};
			buildConfigurationList = 66498B752417CFEA00C0718A /* Build configuration list for PBXProject "CodeEditorTextView" */;
			compatibilityVersion = "Xcode 9.3";
			developmentRegion = en;
			hasScannedForEncodings = 0;
			knownRegions = (
				en,
				Base,
			);
			mainGroup = 66498B712417CFEA00C0718A;
			productRefGroup = 66498B7C2417CFEA00C0718A /* Products */;
			projectDirPath = "";
			projectRoot = "";
			targets = (
				66498B7A2417CFEA00C0718A /* CodeEditorTextView */,
				66498B832417CFEA00C0718A /* CodeEditorTextViewTests */,
			);
		};
/* End PBXProject section */

/* Begin PBXResourcesBuildPhase section */
		66498B792417CFEA00C0718A /* Resources */ = {
			isa = PBXResourcesBuildPhase;
			buildActionMask = 2147483647;
			files = (
			);
			runOnlyForDeploymentPostprocessing = 0;
		};
		66498B822417CFEA00C0718A /* Resources */ = {
			isa = PBXResourcesBuildPhase;
			buildActionMask = 2147483647;
			files = (
			);
			runOnlyForDeploymentPostprocessing = 0;
		};
/* End PBXResourcesBuildPhase section */

/* Begin PBXSourcesBuildPhase section */
		66498B772417CFEA00C0718A /* Sources */ = {
			isa = PBXSourcesBuildPhase;
			buildActionMask = 2147483647;
			files = (
				663A7DF22417D84900ADDD1F /* CodeEditorTextView.swift in Sources */,
			);
			runOnlyForDeploymentPostprocessing = 0;
		};
		66498B802417CFEA00C0718A /* Sources */ = {
			isa = PBXSourcesBuildPhase;
			buildActionMask = 2147483647;
			files = (
				66498B8A2417CFEA00C0718A /* CodeEditorTextViewTests.swift in Sources */,
			);
			runOnlyForDeploymentPostprocessing = 0;
		};
/* End PBXSourcesBuildPhase section */

/* Begin PBXTargetDependency section */
		66498B872417CFEA00C0718A /* PBXTargetDependency */ = {
			isa = PBXTargetDependency;
			target = 66498B7A2417CFEA00C0718A /* CodeEditorTextView */;
			targetProxy = 66498B862417CFEA00C0718A /* PBXContainerItemProxy */;
		};
/* End PBXTargetDependency section */

/* Begin XCBuildConfiguration section */
		66498B8D2417CFEA00C0718A /* Debug */ = {
			isa = XCBuildConfiguration;
			buildSettings = {
				ALWAYS_SEARCH_USER_PATHS = NO;
				CLANG_ANALYZER_NONNULL = YES;
				CLANG_ANALYZER_NUMBER_OBJECT_CONVERSION = YES_AGGRESSIVE;
				CLANG_CXX_LANGUAGE_STANDARD = "gnu++14";
				CLANG_CXX_LIBRARY = "libc++";
				CLANG_ENABLE_MODULES = YES;
				CLANG_ENABLE_OBJC_ARC = YES;
				CLANG_ENABLE_OBJC_WEAK = YES;
				CLANG_WARN_BLOCK_CAPTURE_AUTORELEASING = YES;
				CLANG_WARN_BOOL_CONVERSION = YES;
				CLANG_WARN_COMMA = YES;
				CLANG_WARN_CONSTANT_CONVERSION = YES;
				CLANG_WARN_DEPRECATED_OBJC_IMPLEMENTATIONS = YES;
				CLANG_WARN_DIRECT_OBJC_ISA_USAGE = YES_ERROR;
				CLANG_WARN_DOCUMENTATION_COMMENTS = YES;
				CLANG_WARN_EMPTY_BODY = YES;
				CLANG_WARN_ENUM_CONVERSION = YES;
				CLANG_WARN_INFINITE_RECURSION = YES;
				CLANG_WARN_INT_CONVERSION = YES;
				CLANG_WARN_NON_LITERAL_NULL_CONVERSION = YES;
				CLANG_WARN_OBJC_IMPLICIT_RETAIN_SELF = YES;
				CLANG_WARN_OBJC_LITERAL_CONVERSION = YES;
				CLANG_WARN_OBJC_ROOT_CLASS = YES_ERROR;
				CLANG_WARN_RANGE_LOOP_ANALYSIS = YES;
				CLANG_WARN_STRICT_PROTOTYPES = YES;
				CLANG_WARN_SUSPICIOUS_MOVE = YES;
				CLANG_WARN_UNGUARDED_AVAILABILITY = YES_AGGRESSIVE;
				CLANG_WARN_UNREACHABLE_CODE = YES;
				CLANG_WARN__DUPLICATE_METHOD_MATCH = YES;
				COPY_PHASE_STRIP = NO;
				CURRENT_PROJECT_VERSION = 1;
				DEBUG_INFORMATION_FORMAT = dwarf;
				ENABLE_STRICT_OBJC_MSGSEND = YES;
				ENABLE_TESTABILITY = YES;
				GCC_C_LANGUAGE_STANDARD = gnu11;
				GCC_DYNAMIC_NO_PIC = NO;
				GCC_NO_COMMON_BLOCKS = YES;
				GCC_OPTIMIZATION_LEVEL = 0;
				GCC_PREPROCESSOR_DEFINITIONS = (
					"DEBUG=1",
					"$(inherited)",
				);
				GCC_WARN_64_TO_32_BIT_CONVERSION = YES;
				GCC_WARN_ABOUT_RETURN_TYPE = YES_ERROR;
				GCC_WARN_UNDECLARED_SELECTOR = YES;
				GCC_WARN_UNINITIALIZED_AUTOS = YES_AGGRESSIVE;
				GCC_WARN_UNUSED_FUNCTION = YES;
				GCC_WARN_UNUSED_VARIABLE = YES;
				IPHONEOS_DEPLOYMENT_TARGET = 13.2;
				MTL_ENABLE_DEBUG_INFO = INCLUDE_SOURCE;
				MTL_FAST_MATH = YES;
				ONLY_ACTIVE_ARCH = YES;
				SDKROOT = iphoneos;
				SWIFT_ACTIVE_COMPILATION_CONDITIONS = DEBUG;
				SWIFT_OPTIMIZATION_LEVEL = "-Onone";
				VERSIONING_SYSTEM = "apple-generic";
				VERSION_INFO_PREFIX = "";
			};
			name = Debug;
		};
		66498B8E2417CFEA00C0718A /* Release */ = {
			isa = XCBuildConfiguration;
			buildSettings = {
				ALWAYS_SEARCH_USER_PATHS = NO;
				CLANG_ANALYZER_NONNULL = YES;
				CLANG_ANALYZER_NUMBER_OBJECT_CONVERSION = YES_AGGRESSIVE;
				CLANG_CXX_LANGUAGE_STANDARD = "gnu++14";
				CLANG_CXX_LIBRARY = "libc++";
				CLANG_ENABLE_MODULES = YES;
				CLANG_ENABLE_OBJC_ARC = YES;
				CLANG_ENABLE_OBJC_WEAK = YES;
				CLANG_WARN_BLOCK_CAPTURE_AUTORELEASING = YES;
				CLANG_WARN_BOOL_CONVERSION = YES;
				CLANG_WARN_COMMA = YES;
				CLANG_WARN_CONSTANT_CONVERSION = YES;
				CLANG_WARN_DEPRECATED_OBJC_IMPLEMENTATIONS = YES;
				CLANG_WARN_DIRECT_OBJC_ISA_USAGE = YES_ERROR;
				CLANG_WARN_DOCUMENTATION_COMMENTS = YES;
				CLANG_WARN_EMPTY_BODY = YES;
				CLANG_WARN_ENUM_CONVERSION = YES;
				CLANG_WARN_INFINITE_RECURSION = YES;
				CLANG_WARN_INT_CONVERSION = YES;
				CLANG_WARN_NON_LITERAL_NULL_CONVERSION = YES;
				CLANG_WARN_OBJC_IMPLICIT_RETAIN_SELF = YES;
				CLANG_WARN_OBJC_LITERAL_CONVERSION = YES;
				CLANG_WARN_OBJC_ROOT_CLASS = YES_ERROR;
				CLANG_WARN_RANGE_LOOP_ANALYSIS = YES;
				CLANG_WARN_STRICT_PROTOTYPES = YES;
				CLANG_WARN_SUSPICIOUS_MOVE = YES;
				CLANG_WARN_UNGUARDED_AVAILABILITY = YES_AGGRESSIVE;
				CLANG_WARN_UNREACHABLE_CODE = YES;
				CLANG_WARN__DUPLICATE_METHOD_MATCH = YES;
				COPY_PHASE_STRIP = NO;
				CURRENT_PROJECT_VERSION = 1;
				DEBUG_INFORMATION_FORMAT = "dwarf-with-dsym";
				ENABLE_NS_ASSERTIONS = NO;
				ENABLE_STRICT_OBJC_MSGSEND = YES;
				GCC_C_LANGUAGE_STANDARD = gnu11;
				GCC_NO_COMMON_BLOCKS = YES;
				GCC_WARN_64_TO_32_BIT_CONVERSION = YES;
				GCC_WARN_ABOUT_RETURN_TYPE = YES_ERROR;
				GCC_WARN_UNDECLARED_SELECTOR = YES;
				GCC_WARN_UNINITIALIZED_AUTOS = YES_AGGRESSIVE;
				GCC_WARN_UNUSED_FUNCTION = YES;
				GCC_WARN_UNUSED_VARIABLE = YES;
				IPHONEOS_DEPLOYMENT_TARGET = 13.2;
				MTL_ENABLE_DEBUG_INFO = NO;
				MTL_FAST_MATH = YES;
				SDKROOT = iphoneos;
				SWIFT_COMPILATION_MODE = wholemodule;
				SWIFT_OPTIMIZATION_LEVEL = "-O";
				VALIDATE_PRODUCT = YES;
				VERSIONING_SYSTEM = "apple-generic";
				VERSION_INFO_PREFIX = "";
			};
			name = Release;
		};
		66498B902417CFEA00C0718A /* Debug */ = {
			isa = XCBuildConfiguration;
			buildSettings = {
				CLANG_ENABLE_MODULES = YES;
				CODE_SIGN_STYLE = Automatic;
				DEFINES_MODULE = YES;
				DEVELOPMENT_TEAM = VV99A3MM59;
				DYLIB_COMPATIBILITY_VERSION = 1;
				DYLIB_CURRENT_VERSION = 1;
				DYLIB_INSTALL_NAME_BASE = "@rpath";
				INFOPLIST_FILE = CodeEditorTextView/Info.plist;
				INSTALL_PATH = "$(LOCAL_LIBRARY_DIR)/Frameworks";
				IPHONEOS_DEPLOYMENT_TARGET = 12.0;
				LD_RUNPATH_SEARCH_PATHS = (
					"$(inherited)",
					"@executable_path/Frameworks",
					"@loader_path/Frameworks",
				);
				PRODUCT_BUNDLE_IDENTIFIER = com.sohnryang.CodeEditorTextView;
				PRODUCT_NAME = "$(TARGET_NAME:c99extidentifier)";
				SKIP_INSTALL = YES;
				SWIFT_OPTIMIZATION_LEVEL = "-Onone";
				SWIFT_VERSION = 5.0;
				TARGETED_DEVICE_FAMILY = "1,2";
			};
			name = Debug;
		};
		66498B912417CFEA00C0718A /* Release */ = {
			isa = XCBuildConfiguration;
			buildSettings = {
				CLANG_ENABLE_MODULES = YES;
				CODE_SIGN_STYLE = Automatic;
				DEFINES_MODULE = YES;
				DEVELOPMENT_TEAM = VV99A3MM59;
				DYLIB_COMPATIBILITY_VERSION = 1;
				DYLIB_CURRENT_VERSION = 1;
				DYLIB_INSTALL_NAME_BASE = "@rpath";
				INFOPLIST_FILE = CodeEditorTextView/Info.plist;
				INSTALL_PATH = "$(LOCAL_LIBRARY_DIR)/Frameworks";
				IPHONEOS_DEPLOYMENT_TARGET = 12.0;
				LD_RUNPATH_SEARCH_PATHS = (
					"$(inherited)",
					"@executable_path/Frameworks",
					"@loader_path/Frameworks",
				);
				PRODUCT_BUNDLE_IDENTIFIER = com.sohnryang.CodeEditorTextView;
				PRODUCT_NAME = "$(TARGET_NAME:c99extidentifier)";
				SKIP_INSTALL = YES;
				SWIFT_VERSION = 5.0;
				TARGETED_DEVICE_FAMILY = "1,2";
			};
			name = Release;
		};
		66498B932417CFEA00C0718A /* Debug */ = {
			isa = XCBuildConfiguration;
			buildSettings = {
				ALWAYS_EMBED_SWIFT_STANDARD_LIBRARIES = YES;
				CODE_SIGN_STYLE = Automatic;
				DEVELOPMENT_TEAM = VV99A3MM59;
				INFOPLIST_FILE = CodeEditorTextViewTests/Info.plist;
				LD_RUNPATH_SEARCH_PATHS = (
					"$(inherited)",
					"@executable_path/Frameworks",
					"@loader_path/Frameworks",
				);
				PRODUCT_BUNDLE_IDENTIFIER = com.sohnryang.CodeEditorTextViewTests;
				PRODUCT_NAME = "$(TARGET_NAME)";
				SWIFT_VERSION = 5.0;
				TARGETED_DEVICE_FAMILY = "1,2";
			};
			name = Debug;
		};
		66498B942417CFEA00C0718A /* Release */ = {
			isa = XCBuildConfiguration;
			buildSettings = {
				ALWAYS_EMBED_SWIFT_STANDARD_LIBRARIES = YES;
				CODE_SIGN_STYLE = Automatic;
				DEVELOPMENT_TEAM = VV99A3MM59;
				INFOPLIST_FILE = CodeEditorTextViewTests/Info.plist;
				LD_RUNPATH_SEARCH_PATHS = (
					"$(inherited)",
					"@executable_path/Frameworks",
					"@loader_path/Frameworks",
				);
				PRODUCT_BUNDLE_IDENTIFIER = com.sohnryang.CodeEditorTextViewTests;
				PRODUCT_NAME = "$(TARGET_NAME)";
				SWIFT_VERSION = 5.0;
				TARGETED_DEVICE_FAMILY = "1,2";
			};
			name = Release;
		};
/* End XCBuildConfiguration section */

/* Begin XCConfigurationList section */
		66498B752417CFEA00C0718A /* Build configuration list for PBXProject "CodeEditorTextView" */ = {
			isa = XCConfigurationList;
			buildConfigurations = (
				66498B8D2417CFEA00C0718A /* Debug */,
				66498B8E2417CFEA00C0718A /* Release */,
			);
			defaultConfigurationIsVisible = 0;
			defaultConfigurationName = Release;
		};
		66498B8F2417CFEA00C0718A /* Build configuration list for PBXNativeTarget "CodeEditorTextView" */ = {
			isa = XCConfigurationList;
			buildConfigurations = (
				66498B902417CFEA00C0718A /* Debug */,
				66498B912417CFEA00C0718A /* Release */,
			);
			defaultConfigurationIsVisible = 0;
			defaultConfigurationName = Release;
		};
		66498B922417CFEA00C0718A /* Build configuration list for PBXNativeTarget "CodeEditorTextViewTests" */ = {
			isa = XCConfigurationList;
			buildConfigurations = (
				66498B932417CFEA00C0718A /* Debug */,
				66498B942417CFEA00C0718A /* Release */,
			);
			defaultConfigurationIsVisible = 0;
			defaultConfigurationName = Release;
		};
/* End XCConfigurationList section */
	};
	rootObject = 66498B722417CFEA00C0718A /* Project object */;
}
