// !$*UTF8*$!
{
	archiveVersion = 1;
	classes = {
	};
	objectVersion = 50;
	objects = {

/* Begin PBXBuildFile section */
		669F0E2024167B34009DAA5D /* coretext_editor.framework in Frameworks */ = {isa = PBXBuildFile; fileRef = 669F0E1624167B34009DAA5D /* coretext_editor.framework */; };
		669F0E2524167B34009DAA5D /* coretext_editorTests.swift in Sources */ = {isa = PBXBuildFile; fileRef = 669F0E2424167B34009DAA5D /* coretext_editorTests.swift */; };
		669F0E2724167B34009DAA5D /* coretext_editor.h in Headers */ = {isa = PBXBuildFile; fileRef = 669F0E1924167B34009DAA5D /* coretext_editor.h */; settings = {ATTRIBUTES = (Public, ); }; };
/* End PBXBuildFile section */

/* Begin PBXContainerItemProxy section */
		669F0E2124167B34009DAA5D /* PBXContainerItemProxy */ = {
			isa = PBXContainerItemProxy;
			containerPortal = 669F0E0D24167B34009DAA5D /* Project object */;
			proxyType = 1;
			remoteGlobalIDString = 669F0E1524167B34009DAA5D;
			remoteInfo = "coretext-editor";
		};
/* End PBXContainerItemProxy section */

/* Begin PBXFileReference section */
		669F0E1624167B34009DAA5D /* coretext_editor.framework */ = {isa = PBXFileReference; explicitFileType = wrapper.framework; includeInIndex = 0; path = coretext_editor.framework; sourceTree = BUILT_PRODUCTS_DIR; };
		669F0E1924167B34009DAA5D /* coretext_editor.h */ = {isa = PBXFileReference; lastKnownFileType = sourcecode.c.h; path = coretext_editor.h; sourceTree = "<group>"; };
		669F0E1A24167B34009DAA5D /* Info.plist */ = {isa = PBXFileReference; lastKnownFileType = text.plist.xml; path = Info.plist; sourceTree = "<group>"; };
		669F0E1F24167B34009DAA5D /* coretext-editorTests.xctest */ = {isa = PBXFileReference; explicitFileType = wrapper.cfbundle; includeInIndex = 0; path = "coretext-editorTests.xctest"; sourceTree = BUILT_PRODUCTS_DIR; };
		669F0E2424167B34009DAA5D /* coretext_editorTests.swift */ = {isa = PBXFileReference; lastKnownFileType = sourcecode.swift; path = coretext_editorTests.swift; sourceTree = "<group>"; };
		669F0E2624167B34009DAA5D /* Info.plist */ = {isa = PBXFileReference; lastKnownFileType = text.plist.xml; path = Info.plist; sourceTree = "<group>"; };
/* End PBXFileReference section */

/* Begin PBXFrameworksBuildPhase section */
		669F0E1324167B34009DAA5D /* Frameworks */ = {
			isa = PBXFrameworksBuildPhase;
			buildActionMask = 2147483647;
			files = (
			);
			runOnlyForDeploymentPostprocessing = 0;
		};
		669F0E1C24167B34009DAA5D /* Frameworks */ = {
			isa = PBXFrameworksBuildPhase;
			buildActionMask = 2147483647;
			files = (
				669F0E2024167B34009DAA5D /* coretext_editor.framework in Frameworks */,
			);
			runOnlyForDeploymentPostprocessing = 0;
		};
/* End PBXFrameworksBuildPhase section */

/* Begin PBXGroup section */
		669F0E0C24167B34009DAA5D = {
			isa = PBXGroup;
			children = (
				669F0E1824167B34009DAA5D /* coretext-editor */,
				669F0E2324167B34009DAA5D /* coretext-editorTests */,
				669F0E1724167B34009DAA5D /* Products */,
			);
			sourceTree = "<group>";
		};
		669F0E1724167B34009DAA5D /* Products */ = {
			isa = PBXGroup;
			children = (
				669F0E1624167B34009DAA5D /* coretext_editor.framework */,
				669F0E1F24167B34009DAA5D /* coretext-editorTests.xctest */,
			);
			name = Products;
			sourceTree = "<group>";
		};
		669F0E1824167B34009DAA5D /* coretext-editor */ = {
			isa = PBXGroup;
			children = (
				669F0E1924167B34009DAA5D /* coretext_editor.h */,
				669F0E1A24167B34009DAA5D /* Info.plist */,
			);
			path = "coretext-editor";
			sourceTree = "<group>";
		};
		669F0E2324167B34009DAA5D /* coretext-editorTests */ = {
			isa = PBXGroup;
			children = (
				669F0E2424167B34009DAA5D /* coretext_editorTests.swift */,
				669F0E2624167B34009DAA5D /* Info.plist */,
			);
			path = "coretext-editorTests";
			sourceTree = "<group>";
		};
/* End PBXGroup section */

/* Begin PBXHeadersBuildPhase section */
		669F0E1124167B34009DAA5D /* Headers */ = {
			isa = PBXHeadersBuildPhase;
			buildActionMask = 2147483647;
			files = (
				669F0E2724167B34009DAA5D /* coretext_editor.h in Headers */,
			);
			runOnlyForDeploymentPostprocessing = 0;
		};
/* End PBXHeadersBuildPhase section */

/* Begin PBXNativeTarget section */
		669F0E1524167B34009DAA5D /* coretext-editor */ = {
			isa = PBXNativeTarget;
			buildConfigurationList = 669F0E2A24167B34009DAA5D /* Build configuration list for PBXNativeTarget "coretext-editor" */;
			buildPhases = (
				669F0E1124167B34009DAA5D /* Headers */,
				669F0E1224167B34009DAA5D /* Sources */,
				669F0E1324167B34009DAA5D /* Frameworks */,
				669F0E1424167B34009DAA5D /* Resources */,
			);
			buildRules = (
			);
			dependencies = (
			);
			name = "coretext-editor";
			productName = "coretext-editor";
			productReference = 669F0E1624167B34009DAA5D /* coretext_editor.framework */;
			productType = "com.apple.product-type.framework";
		};
		669F0E1E24167B34009DAA5D /* coretext-editorTests */ = {
			isa = PBXNativeTarget;
			buildConfigurationList = 669F0E2D24167B34009DAA5D /* Build configuration list for PBXNativeTarget "coretext-editorTests" */;
			buildPhases = (
				669F0E1B24167B34009DAA5D /* Sources */,
				669F0E1C24167B34009DAA5D /* Frameworks */,
				669F0E1D24167B34009DAA5D /* Resources */,
			);
			buildRules = (
			);
			dependencies = (
				669F0E2224167B34009DAA5D /* PBXTargetDependency */,
			);
			name = "coretext-editorTests";
			productName = "coretext-editorTests";
			productReference = 669F0E1F24167B34009DAA5D /* coretext-editorTests.xctest */;
			productType = "com.apple.product-type.bundle.unit-test";
		};
/* End PBXNativeTarget section */

/* Begin PBXProject section */
		669F0E0D24167B34009DAA5D /* Project object */ = {
			isa = PBXProject;
			attributes = {
				LastSwiftUpdateCheck = 1130;
				LastUpgradeCheck = 1130;
				ORGANIZATIONNAME = "Ryang Sohn";
				TargetAttributes = {
					669F0E1524167B34009DAA5D = {
						CreatedOnToolsVersion = 11.3.1;
					};
					669F0E1E24167B34009DAA5D = {
						CreatedOnToolsVersion = 11.3.1;
					};
				};
			};
			buildConfigurationList = 669F0E1024167B34009DAA5D /* Build configuration list for PBXProject "coretext-editor" */;
			compatibilityVersion = "Xcode 9.3";
			developmentRegion = en;
			hasScannedForEncodings = 0;
			knownRegions = (
				en,
				Base,
			);
			mainGroup = 669F0E0C24167B34009DAA5D;
			productRefGroup = 669F0E1724167B34009DAA5D /* Products */;
			projectDirPath = "";
			projectRoot = "";
			targets = (
				669F0E1524167B34009DAA5D /* coretext-editor */,
				669F0E1E24167B34009DAA5D /* coretext-editorTests */,
			);
		};
/* End PBXProject section */

/* Begin PBXResourcesBuildPhase section */
		669F0E1424167B34009DAA5D /* Resources */ = {
			isa = PBXResourcesBuildPhase;
			buildActionMask = 2147483647;
			files = (
			);
			runOnlyForDeploymentPostprocessing = 0;
		};
		669F0E1D24167B34009DAA5D /* Resources */ = {
			isa = PBXResourcesBuildPhase;
			buildActionMask = 2147483647;
			files = (
			);
			runOnlyForDeploymentPostprocessing = 0;
		};
/* End PBXResourcesBuildPhase section */

/* Begin PBXSourcesBuildPhase section */
		669F0E1224167B34009DAA5D /* Sources */ = {
			isa = PBXSourcesBuildPhase;
			buildActionMask = 2147483647;
			files = (
			);
			runOnlyForDeploymentPostprocessing = 0;
		};
		669F0E1B24167B34009DAA5D /* Sources */ = {
			isa = PBXSourcesBuildPhase;
			buildActionMask = 2147483647;
			files = (
				669F0E2524167B34009DAA5D /* coretext_editorTests.swift in Sources */,
			);
			runOnlyForDeploymentPostprocessing = 0;
		};
/* End PBXSourcesBuildPhase section */

/* Begin PBXTargetDependency section */
		669F0E2224167B34009DAA5D /* PBXTargetDependency */ = {
			isa = PBXTargetDependency;
			target = 669F0E1524167B34009DAA5D /* coretext-editor */;
			targetProxy = 669F0E2124167B34009DAA5D /* PBXContainerItemProxy */;
		};
/* End PBXTargetDependency section */

/* Begin XCBuildConfiguration section */
		669F0E2824167B34009DAA5D /* Debug */ = {
			isa = XCBuildConfiguration;
			buildSettings = {
				ALWAYS_SEARCH_USER_PATHS = NO;
				CLANG_ANALYZER_NONNULL = YES;
				CLANG_ANALYZER_NUMBER_OBJECT_CONVERSION = YES_AGGRESSIVE;
				CLANG_CXX_LANGUAGE_STANDARD = "gnu++14";
				CLANG_CXX_LIBRARY = "libc++";
				CLANG_ENABLE_MODULES = YES;
				CLANG_ENABLE_OBJC_ARC = YES;
				CLANG_ENABLE_OBJC_WEAK = YES;
				CLANG_WARN_BLOCK_CAPTURE_AUTORELEASING = YES;
				CLANG_WARN_BOOL_CONVERSION = YES;
				CLANG_WARN_COMMA = YES;
				CLANG_WARN_CONSTANT_CONVERSION = YES;
				CLANG_WARN_DEPRECATED_OBJC_IMPLEMENTATIONS = YES;
				CLANG_WARN_DIRECT_OBJC_ISA_USAGE = YES_ERROR;
				CLANG_WARN_DOCUMENTATION_COMMENTS = YES;
				CLANG_WARN_EMPTY_BODY = YES;
				CLANG_WARN_ENUM_CONVERSION = YES;
				CLANG_WARN_INFINITE_RECURSION = YES;
				CLANG_WARN_INT_CONVERSION = YES;
				CLANG_WARN_NON_LITERAL_NULL_CONVERSION = YES;
				CLANG_WARN_OBJC_IMPLICIT_RETAIN_SELF = YES;
				CLANG_WARN_OBJC_LITERAL_CONVERSION = YES;
				CLANG_WARN_OBJC_ROOT_CLASS = YES_ERROR;
				CLANG_WARN_RANGE_LOOP_ANALYSIS = YES;
				CLANG_WARN_STRICT_PROTOTYPES = YES;
				CLANG_WARN_SUSPICIOUS_MOVE = YES;
				CLANG_WARN_UNGUARDED_AVAILABILITY = YES_AGGRESSIVE;
				CLANG_WARN_UNREACHABLE_CODE = YES;
				CLANG_WARN__DUPLICATE_METHOD_MATCH = YES;
				COPY_PHASE_STRIP = NO;
				CURRENT_PROJECT_VERSION = 1;
				DEBUG_INFORMATION_FORMAT = dwarf;
				ENABLE_STRICT_OBJC_MSGSEND = YES;
				ENABLE_TESTABILITY = YES;
				GCC_C_LANGUAGE_STANDARD = gnu11;
				GCC_DYNAMIC_NO_PIC = NO;
				GCC_NO_COMMON_BLOCKS = YES;
				GCC_OPTIMIZATION_LEVEL = 0;
				GCC_PREPROCESSOR_DEFINITIONS = (
					"DEBUG=1",
					"$(inherited)",
				);
				GCC_WARN_64_TO_32_BIT_CONVERSION = YES;
				GCC_WARN_ABOUT_RETURN_TYPE = YES_ERROR;
				GCC_WARN_UNDECLARED_SELECTOR = YES;
				GCC_WARN_UNINITIALIZED_AUTOS = YES_AGGRESSIVE;
				GCC_WARN_UNUSED_FUNCTION = YES;
				GCC_WARN_UNUSED_VARIABLE = YES;
				IPHONEOS_DEPLOYMENT_TARGET = 13.2;
				MTL_ENABLE_DEBUG_INFO = INCLUDE_SOURCE;
				MTL_FAST_MATH = YES;
				ONLY_ACTIVE_ARCH = YES;
				SDKROOT = iphoneos;
				SWIFT_ACTIVE_COMPILATION_CONDITIONS = DEBUG;
				SWIFT_OPTIMIZATION_LEVEL = "-Onone";
				VERSIONING_SYSTEM = "apple-generic";
				VERSION_INFO_PREFIX = "";
			};
			name = Debug;
		};
		669F0E2924167B34009DAA5D /* Release */ = {
			isa = XCBuildConfiguration;
			buildSettings = {
				ALWAYS_SEARCH_USER_PATHS = NO;
				CLANG_ANALYZER_NONNULL = YES;
				CLANG_ANALYZER_NUMBER_OBJECT_CONVERSION = YES_AGGRESSIVE;
				CLANG_CXX_LANGUAGE_STANDARD = "gnu++14";
				CLANG_CXX_LIBRARY = "libc++";
				CLANG_ENABLE_MODULES = YES;
				CLANG_ENABLE_OBJC_ARC = YES;
				CLANG_ENABLE_OBJC_WEAK = YES;
				CLANG_WARN_BLOCK_CAPTURE_AUTORELEASING = YES;
				CLANG_WARN_BOOL_CONVERSION = YES;
				CLANG_WARN_COMMA = YES;
				CLANG_WARN_CONSTANT_CONVERSION = YES;
				CLANG_WARN_DEPRECATED_OBJC_IMPLEMENTATIONS = YES;
				CLANG_WARN_DIRECT_OBJC_ISA_USAGE = YES_ERROR;
				CLANG_WARN_DOCUMENTATION_COMMENTS = YES;
				CLANG_WARN_EMPTY_BODY = YES;
				CLANG_WARN_ENUM_CONVERSION = YES;
				CLANG_WARN_INFINITE_RECURSION = YES;
				CLANG_WARN_INT_CONVERSION = YES;
				CLANG_WARN_NON_LITERAL_NULL_CONVERSION = YES;
				CLANG_WARN_OBJC_IMPLICIT_RETAIN_SELF = YES;
				CLANG_WARN_OBJC_LITERAL_CONVERSION = YES;
				CLANG_WARN_OBJC_ROOT_CLASS = YES_ERROR;
				CLANG_WARN_RANGE_LOOP_ANALYSIS = YES;
				CLANG_WARN_STRICT_PROTOTYPES = YES;
				CLANG_WARN_SUSPICIOUS_MOVE = YES;
				CLANG_WARN_UNGUARDED_AVAILABILITY = YES_AGGRESSIVE;
				CLANG_WARN_UNREACHABLE_CODE = YES;
				CLANG_WARN__DUPLICATE_METHOD_MATCH = YES;
				COPY_PHASE_STRIP = NO;
				CURRENT_PROJECT_VERSION = 1;
				DEBUG_INFORMATION_FORMAT = "dwarf-with-dsym";
				ENABLE_NS_ASSERTIONS = NO;
				ENABLE_STRICT_OBJC_MSGSEND = YES;
				GCC_C_LANGUAGE_STANDARD = gnu11;
				GCC_NO_COMMON_BLOCKS = YES;
				GCC_WARN_64_TO_32_BIT_CONVERSION = YES;
				GCC_WARN_ABOUT_RETURN_TYPE = YES_ERROR;
				GCC_WARN_UNDECLARED_SELECTOR = YES;
				GCC_WARN_UNINITIALIZED_AUTOS = YES_AGGRESSIVE;
				GCC_WARN_UNUSED_FUNCTION = YES;
				GCC_WARN_UNUSED_VARIABLE = YES;
				IPHONEOS_DEPLOYMENT_TARGET = 13.2;
				MTL_ENABLE_DEBUG_INFO = NO;
				MTL_FAST_MATH = YES;
				SDKROOT = iphoneos;
				SWIFT_COMPILATION_MODE = wholemodule;
				SWIFT_OPTIMIZATION_LEVEL = "-O";
				VALIDATE_PRODUCT = YES;
				VERSIONING_SYSTEM = "apple-generic";
				VERSION_INFO_PREFIX = "";
			};
			name = Release;
		};
		669F0E2B24167B34009DAA5D /* Debug */ = {
			isa = XCBuildConfiguration;
			buildSettings = {
				CODE_SIGN_STYLE = Automatic;
				DEFINES_MODULE = YES;
				DEVELOPMENT_TEAM = VV99A3MM59;
				DYLIB_COMPATIBILITY_VERSION = 1;
				DYLIB_CURRENT_VERSION = 1;
				DYLIB_INSTALL_NAME_BASE = "@rpath";
				INFOPLIST_FILE = "coretext-editor/Info.plist";
				INSTALL_PATH = "$(LOCAL_LIBRARY_DIR)/Frameworks";
				LD_RUNPATH_SEARCH_PATHS = (
					"$(inherited)",
					"@executable_path/Frameworks",
					"@loader_path/Frameworks",
				);
				PRODUCT_BUNDLE_IDENTIFIER = "com.sohnryang.coretext-editor";
				PRODUCT_NAME = "$(TARGET_NAME:c99extidentifier)";
				SKIP_INSTALL = YES;
				SWIFT_VERSION = 5.0;
				TARGETED_DEVICE_FAMILY = "1,2";
			};
			name = Debug;
		};
		669F0E2C24167B34009DAA5D /* Release */ = {
			isa = XCBuildConfiguration;
			buildSettings = {
				CODE_SIGN_STYLE = Automatic;
				DEFINES_MODULE = YES;
				DEVELOPMENT_TEAM = VV99A3MM59;
				DYLIB_COMPATIBILITY_VERSION = 1;
				DYLIB_CURRENT_VERSION = 1;
				DYLIB_INSTALL_NAME_BASE = "@rpath";
				INFOPLIST_FILE = "coretext-editor/Info.plist";
				INSTALL_PATH = "$(LOCAL_LIBRARY_DIR)/Frameworks";
				LD_RUNPATH_SEARCH_PATHS = (
					"$(inherited)",
					"@executable_path/Frameworks",
					"@loader_path/Frameworks",
				);
				PRODUCT_BUNDLE_IDENTIFIER = "com.sohnryang.coretext-editor";
				PRODUCT_NAME = "$(TARGET_NAME:c99extidentifier)";
				SKIP_INSTALL = YES;
				SWIFT_VERSION = 5.0;
				TARGETED_DEVICE_FAMILY = "1,2";
			};
			name = Release;
		};
		669F0E2E24167B34009DAA5D /* Debug */ = {
			isa = XCBuildConfiguration;
			buildSettings = {
				CODE_SIGN_STYLE = Automatic;
				DEVELOPMENT_TEAM = VV99A3MM59;
				INFOPLIST_FILE = "coretext-editorTests/Info.plist";
				LD_RUNPATH_SEARCH_PATHS = (
					"$(inherited)",
					"@executable_path/Frameworks",
					"@loader_path/Frameworks",
				);
				PRODUCT_BUNDLE_IDENTIFIER = "com.sohnryang.coretext-editorTests";
				PRODUCT_NAME = "$(TARGET_NAME)";
				SWIFT_VERSION = 5.0;
				TARGETED_DEVICE_FAMILY = "1,2";
			};
			name = Debug;
		};
		669F0E2F24167B34009DAA5D /* Release */ = {
			isa = XCBuildConfiguration;
			buildSettings = {
				CODE_SIGN_STYLE = Automatic;
				DEVELOPMENT_TEAM = VV99A3MM59;
				INFOPLIST_FILE = "coretext-editorTests/Info.plist";
				LD_RUNPATH_SEARCH_PATHS = (
					"$(inherited)",
					"@executable_path/Frameworks",
					"@loader_path/Frameworks",
				);
				PRODUCT_BUNDLE_IDENTIFIER = "com.sohnryang.coretext-editorTests";
				PRODUCT_NAME = "$(TARGET_NAME)";
				SWIFT_VERSION = 5.0;
				TARGETED_DEVICE_FAMILY = "1,2";
			};
			name = Release;
		};
/* End XCBuildConfiguration section */

/* Begin XCConfigurationList section */
		669F0E1024167B34009DAA5D /* Build configuration list for PBXProject "coretext-editor" */ = {
			isa = XCConfigurationList;
			buildConfigurations = (
				669F0E2824167B34009DAA5D /* Debug */,
				669F0E2924167B34009DAA5D /* Release */,
			);
			defaultConfigurationIsVisible = 0;
			defaultConfigurationName = Release;
		};
		669F0E2A24167B34009DAA5D /* Build configuration list for PBXNativeTarget "coretext-editor" */ = {
			isa = XCConfigurationList;
			buildConfigurations = (
				669F0E2B24167B34009DAA5D /* Debug */,
				669F0E2C24167B34009DAA5D /* Release */,
			);
			defaultConfigurationIsVisible = 0;
			defaultConfigurationName = Release;
		};
		669F0E2D24167B34009DAA5D /* Build configuration list for PBXNativeTarget "coretext-editorTests" */ = {
			isa = XCConfigurationList;
			buildConfigurations = (
				669F0E2E24167B34009DAA5D /* Debug */,
				669F0E2F24167B34009DAA5D /* Release */,
			);
			defaultConfigurationIsVisible = 0;
			defaultConfigurationName = Release;
		};
/* End XCConfigurationList section */
	};
	rootObject = 669F0E0D24167B34009DAA5D /* Project object */;
}
